{
  "name": "sudoqsolver",
  "version": "1.0.0",
  "lockfileVersion": 2,
  "requires": true,
  "packages": {
    "": {
      "name": "sudoqsolver",
      "version": "1.0.0",
      "license": "ISC",
      "dependencies": {
        "Batch": "file:./src/SudokuBoard/Batch/Batch.mjs",
        "Cell": "file:./src/SudokuBoard/Cell/Cell.mjs",
        "SudokuBoard": "file:./src/SudokuBoard/SudokuBoard.mjs",
        "SudokuGenerator": "file:./src/SudokuGenerator/SudokuGenerator.mjs",
        "SudokuSolver": "file:./src/SudokuSolver/SudokuSolver.mjs"
      }
    },
    "node_modules/Batch": {
      "resolved": "src/SudokuBoard/Batch/Batch.mjs",
      "link": true
    },
    "node_modules/Cell": {
      "resolved": "src/SudokuBoard/Cell/Cell.mjs",
      "link": true
    },
    "node_modules/SudokuBoard": {
      "resolved": "src/SudokuBoard/SudokuBoard.mjs",
      "link": true
    },
    "node_modules/SudokuGenerator": {
      "resolved": "src/SudokuGenerator/SudokuGenerator.mjs",
      "link": true
    },
    "node_modules/SudokuSolver": {
      "resolved": "src/SudokuSolver/SudokuSolver.mjs",
      "link": true
    },
    "src/SudokuBoard/Batch/Batch.mjs": {},
    "src/SudokuBoard/Cell/Cell.mjs": {},
    "src/SudokuBoard/SudokuBoard.mjs": {},
    "src/SudokuGenerator/SudokuGenerator.mjs": {},
    "src/SudokuSolver/SudokuSolver.mjs": {}
  },
  "dependencies": {
    "Batch": {
      "version": "file:src/SudokuBoard/Batch/Batch.mjs"
    },
    "Cell": {
      "version": "file:src/SudokuBoard/Cell/Cell.mjs"
    },
    "SudokuBoard": {
      "version": "file:src/SudokuBoard/SudokuBoard.mjs"
    },
    "SudokuGenerator": {
      "version": "file:src/SudokuGenerator/SudokuGenerator.mjs"
    },
    "SudokuSolver": {
      "version": "file:src/SudokuSolver/SudokuSolver.mjs"
    }
  }
}
